
Microsoft Visual Studio Solution File, Format Version 12.00
# Visual Studio Version 16
VisualStudioVersion = 16.0.31025.194
MinimumVisualStudioVersion = 10.0.40219.1
Project("{F2A71F9B-5D33-465A-A702-920D77279786}") = "Courgette", "Courgette.fsproj", "{B952841C-D476-47F7-A749-B2E21867DB1A}"
EndProject
Global
	GlobalSection(SolutionConfigurationPlatforms) = preSolution
		Debug|Any CPU = Debug|Any CPU
		Release|Any CPU = Release|Any CPU
	EndGlobalSection
	GlobalSection(ProjectConfigurationPlatforms) = postSolution
		{B952841C-D476-47F7-A749-B2E21867DB1A}.Debug|Any CPU.ActiveCfg = Debug|Any CPU
		{B952841C-D476-47F7-A749-B2E21867DB1A}.Debug|Any CPU.Build.0 = Debug|Any CPU
		{B952841C-D476-47F7-A749-B2E21867DB1A}.Release|Any CPU.ActiveCfg = Release|Any CPU
		{B952841C-D476-47F7-A749-B2E21867DB1A}.Release|Any CPU.Build.0 = Release|Any CPU
	EndGlobalSection
	GlobalSection(SolutionProperties) = preSolution
		HideSolutionNode = FALSE
	EndGlobalSection
	GlobalSection(ExtensibilityGlobals) = postSolution
		SolutionGuid = {8147CEF3-A117-496A-8AB9-9B5A58D63366}
	EndGlobalSection
EndGlobal
